
Microsoft Visual Studio Solution File, Format Version 12.00
# Visual Studio Version 16
VisualStudioVersion = 16.0.29009.5
MinimumVisualStudioVersion = 10.0.40219.1
Project("{2150E333-8FDC-42A3-9474-1A3956D46DE8}") = "Core", "Core", "{6DE4DAF7-1899-419C-B585-257286C5DADF}"
EndProject
Project("{2150E333-8FDC-42A3-9474-1A3956D46DE8}") = "Example", "Example", "{0C9DD8F0-8566-4074-B6E1-B189D7D95DAD}"
EndProject
Project("{9A19103F-16F7-4668-BE54-9A1E7A4F7556}") = "Tpd.Core.Data", "Core\Tpd.Core.Data\Tpd.Core.Data.csproj", "{0F93F382-8B13-449A-A01B-36601F1F2283}"
EndProject
Project("{9A19103F-16F7-4668-BE54-9A1E7A4F7556}") = "Tpd.Core.Handler", "Core\Tpd.Core.Handler\Tpd.Core.Handler.csproj", "{F2E4F9CF-AA9F-4F7D-81DF-E78FDB6BD7D5}"
EndProject
Project("{9A19103F-16F7-4668-BE54-9A1E7A4F7556}") = "Tpd.Example.Data.Read", "Example\Tpd.Example.Data.Read\Tpd.Example.Data.Read.csproj", "{23496006-65D0-43D2-BEFF-A5B325DD00BD}"
EndProject
Project("{9A19103F-16F7-4668-BE54-9A1E7A4F7556}") = "Tpd.Example.Data.Write", "Example\Tpd.Example.Data.Write\Tpd.Example.Data.Write.csproj", "{42EEBD1E-E7A3-4B84-B267-F867C42CA699}"
EndProject
Project("{9A19103F-16F7-4668-BE54-9A1E7A4F7556}") = "Tpd.Example.WebApi", "Example\Tpd.Example.WebApi\Tpd.Example.WebApi.csproj", "{138DECCD-F5C0-440E-8F01-4C0A3203856C}"
EndProject
Project("{2150E333-8FDC-42A3-9474-1A3956D46DE8}") = "Appendix", "Appendix", "{B2FFDC7A-4A26-4630-A1BB-307FC35D4A84}"
	ProjectSection(SolutionItems) = preProject
		Appendix\EFCommand.txt = Appendix\EFCommand.txt
		Appendix\UrlRewrite.txt = Appendix\UrlRewrite.txt
	EndProjectSection
EndProject
Project("{9A19103F-16F7-4668-BE54-9A1E7A4F7556}") = "Tpd.Example.Handler", "Example\Tpd.Example.Handler\Tpd.Example.Handler.csproj", "{6D1D8C1D-739A-452D-B26C-A26D028C03E1}"
EndProject
Project("{9A19103F-16F7-4668-BE54-9A1E7A4F7556}") = "Tpd.Core.Share", "Core\Tpd.Core.Share\Tpd.Core.Share.csproj", "{5E440C27-7100-475E-AFBB-7ACE03B9BE50}"
EndProject
Project("{9A19103F-16F7-4668-BE54-9A1E7A4F7556}") = "Tpd.Core.WebApi", "Core\Tpd.Core.WebApi\Tpd.Core.WebApi.csproj", "{2F0B922D-9943-4F81-9160-EA271E7A15A4}"
EndProject
Project("{2150E333-8FDC-42A3-9474-1A3956D46DE8}") = "Utility", "Utility", "{00DB96D9-746B-4916-B561-083C4BD0DDEE}"
EndProject
Project("{9A19103F-16F7-4668-BE54-9A1E7A4F7556}") = "Tpd.MultiLanguage", "Utility\Tpd.MultiLanguage\Tpd.MultiLanguage.csproj", "{2F8FD02B-540A-4CFF-AD6A-58B112B62100}"
EndProject
Project("{2150E333-8FDC-42A3-9474-1A3956D46DE8}") = "WebApi", "WebApi", "{CF7C070A-1387-4B40-BDCB-A56DE1E7C411}"
EndProject
Project("{2150E333-8FDC-42A3-9474-1A3956D46DE8}") = "Gateway", "Gateway", "{4652C41D-7F29-478D-9CCE-CEE25E7754EA}"
EndProject
Project("{9A19103F-16F7-4668-BE54-9A1E7A4F7556}") = "Tpd.Gateway", "WebApi\Gateway\Tpd.Gateway\Tpd.Gateway.csproj", "{ED88211F-7FDF-4DEF-8923-7F3A593DD016}"
EndProject
Project("{2150E333-8FDC-42A3-9474-1A3956D46DE8}") = "Language", "Language", "{7B441810-61CE-4DBD-AB65-A85AD0FAEFC8}"
EndProject
Project("{9A19103F-16F7-4668-BE54-9A1E7A4F7556}") = "Tpd.Language.Data", "WebApi\Language\Tpd.Language.Data\Tpd.Language.Data.csproj", "{698F3DB3-7D18-44DE-B845-92A9E27FED19}"
EndProject
Project("{9A19103F-16F7-4668-BE54-9A1E7A4F7556}") = "Tpd.Language.Domain", "WebApi\Language\Tpd.Language.Domain\Tpd.Language.Domain.csproj", "{2AE21DE6-AB0D-40FD-B420-DBE924AFC97A}"
EndProject
Project("{9A19103F-16F7-4668-BE54-9A1E7A4F7556}") = "Tpd.Language.WebApi", "WebApi\Language\Tpd.Language.WebApi\Tpd.Language.WebApi.csproj", "{34AA2382-50A6-45C2-81C2-AA2C0C80A237}"
EndProject
Project("{2150E333-8FDC-42A3-9474-1A3956D46DE8}") = "Quiz", "Quiz", "{EB27CFCA-A939-44BA-B470-43201082E5F9}"
EndProject
Project("{FAE04EC0-301F-11D3-BF4B-00C04F79EFBC}") = "Tpd.Quiz.Data", "WebApi\Quiz\Tpd.Quiz.Data\Tpd.Quiz.Data.csproj", "{032799FE-2D42-4DAE-9CC8-2FC93652FAF0}"
EndProject
Project("{FAE04EC0-301F-11D3-BF4B-00C04F79EFBC}") = "Tpd.Quiz.Handler", "WebApi\Quiz\Tpd.Quiz.Handler\Tpd.Quiz.Handler.csproj", "{897380FB-D8C6-4997-849D-54549FACAA93}"
EndProject
Project("{FAE04EC0-301F-11D3-BF4B-00C04F79EFBC}") = "Tpd.Quiz.WebApi", "WebApi\Quiz\Tpd.Quiz.WebApi\Tpd.Quiz.WebApi.csproj", "{227DE529-955F-4967-AF02-20F0F061C795}"
EndProject
Global
	GlobalSection(SolutionConfigurationPlatforms) = preSolution
		Debug|Any CPU = Debug|Any CPU
		Release|Any CPU = Release|Any CPU
	EndGlobalSection
	GlobalSection(ProjectConfigurationPlatforms) = postSolution
		{0F93F382-8B13-449A-A01B-36601F1F2283}.Debug|Any CPU.ActiveCfg = Debug|Any CPU
		{0F93F382-8B13-449A-A01B-36601F1F2283}.Debug|Any CPU.Build.0 = Debug|Any CPU
		{0F93F382-8B13-449A-A01B-36601F1F2283}.Release|Any CPU.ActiveCfg = Release|Any CPU
		{0F93F382-8B13-449A-A01B-36601F1F2283}.Release|Any CPU.Build.0 = Release|Any CPU
		{F2E4F9CF-AA9F-4F7D-81DF-E78FDB6BD7D5}.Debug|Any CPU.ActiveCfg = Debug|Any CPU
		{F2E4F9CF-AA9F-4F7D-81DF-E78FDB6BD7D5}.Debug|Any CPU.Build.0 = Debug|Any CPU
		{F2E4F9CF-AA9F-4F7D-81DF-E78FDB6BD7D5}.Release|Any CPU.ActiveCfg = Release|Any CPU
		{F2E4F9CF-AA9F-4F7D-81DF-E78FDB6BD7D5}.Release|Any CPU.Build.0 = Release|Any CPU
		{23496006-65D0-43D2-BEFF-A5B325DD00BD}.Debug|Any CPU.ActiveCfg = Debug|Any CPU
		{23496006-65D0-43D2-BEFF-A5B325DD00BD}.Debug|Any CPU.Build.0 = Debug|Any CPU
		{23496006-65D0-43D2-BEFF-A5B325DD00BD}.Release|Any CPU.ActiveCfg = Release|Any CPU
		{23496006-65D0-43D2-BEFF-A5B325DD00BD}.Release|Any CPU.Build.0 = Release|Any CPU
		{42EEBD1E-E7A3-4B84-B267-F867C42CA699}.Debug|Any CPU.ActiveCfg = Debug|Any CPU
		{42EEBD1E-E7A3-4B84-B267-F867C42CA699}.Debug|Any CPU.Build.0 = Debug|Any CPU
		{42EEBD1E-E7A3-4B84-B267-F867C42CA699}.Release|Any CPU.ActiveCfg = Release|Any CPU
		{42EEBD1E-E7A3-4B84-B267-F867C42CA699}.Release|Any CPU.Build.0 = Release|Any CPU
		{138DECCD-F5C0-440E-8F01-4C0A3203856C}.Debug|Any CPU.ActiveCfg = Debug|Any CPU
		{138DECCD-F5C0-440E-8F01-4C0A3203856C}.Debug|Any CPU.Build.0 = Debug|Any CPU
		{138DECCD-F5C0-440E-8F01-4C0A3203856C}.Release|Any CPU.ActiveCfg = Release|Any CPU
		{138DECCD-F5C0-440E-8F01-4C0A3203856C}.Release|Any CPU.Build.0 = Release|Any CPU
		{6D1D8C1D-739A-452D-B26C-A26D028C03E1}.Debug|Any CPU.ActiveCfg = Debug|Any CPU
		{6D1D8C1D-739A-452D-B26C-A26D028C03E1}.Debug|Any CPU.Build.0 = Debug|Any CPU
		{6D1D8C1D-739A-452D-B26C-A26D028C03E1}.Release|Any CPU.ActiveCfg = Release|Any CPU
		{6D1D8C1D-739A-452D-B26C-A26D028C03E1}.Release|Any CPU.Build.0 = Release|Any CPU
		{5E440C27-7100-475E-AFBB-7ACE03B9BE50}.Debug|Any CPU.ActiveCfg = Debug|Any CPU
		{5E440C27-7100-475E-AFBB-7ACE03B9BE50}.Debug|Any CPU.Build.0 = Debug|Any CPU
		{5E440C27-7100-475E-AFBB-7ACE03B9BE50}.Release|Any CPU.ActiveCfg = Release|Any CPU
		{5E440C27-7100-475E-AFBB-7ACE03B9BE50}.Release|Any CPU.Build.0 = Release|Any CPU
		{2F0B922D-9943-4F81-9160-EA271E7A15A4}.Debug|Any CPU.ActiveCfg = Debug|Any CPU
		{2F0B922D-9943-4F81-9160-EA271E7A15A4}.Debug|Any CPU.Build.0 = Debug|Any CPU
		{2F0B922D-9943-4F81-9160-EA271E7A15A4}.Release|Any CPU.ActiveCfg = Release|Any CPU
		{2F0B922D-9943-4F81-9160-EA271E7A15A4}.Release|Any CPU.Build.0 = Release|Any CPU
		{2F8FD02B-540A-4CFF-AD6A-58B112B62100}.Debug|Any CPU.ActiveCfg = Debug|Any CPU
		{2F8FD02B-540A-4CFF-AD6A-58B112B62100}.Debug|Any CPU.Build.0 = Debug|Any CPU
		{2F8FD02B-540A-4CFF-AD6A-58B112B62100}.Release|Any CPU.ActiveCfg = Release|Any CPU
		{2F8FD02B-540A-4CFF-AD6A-58B112B62100}.Release|Any CPU.Build.0 = Release|Any CPU
		{ED88211F-7FDF-4DEF-8923-7F3A593DD016}.Debug|Any CPU.ActiveCfg = Debug|Any CPU
		{ED88211F-7FDF-4DEF-8923-7F3A593DD016}.Debug|Any CPU.Build.0 = Debug|Any CPU
		{ED88211F-7FDF-4DEF-8923-7F3A593DD016}.Release|Any CPU.ActiveCfg = Release|Any CPU
		{ED88211F-7FDF-4DEF-8923-7F3A593DD016}.Release|Any CPU.Build.0 = Release|Any CPU
		{698F3DB3-7D18-44DE-B845-92A9E27FED19}.Debug|Any CPU.ActiveCfg = Debug|Any CPU
		{698F3DB3-7D18-44DE-B845-92A9E27FED19}.Debug|Any CPU.Build.0 = Debug|Any CPU
		{698F3DB3-7D18-44DE-B845-92A9E27FED19}.Release|Any CPU.ActiveCfg = Release|Any CPU
		{698F3DB3-7D18-44DE-B845-92A9E27FED19}.Release|Any CPU.Build.0 = Release|Any CPU
		{2AE21DE6-AB0D-40FD-B420-DBE924AFC97A}.Debug|Any CPU.ActiveCfg = Debug|Any CPU
		{2AE21DE6-AB0D-40FD-B420-DBE924AFC97A}.Debug|Any CPU.Build.0 = Debug|Any CPU
		{2AE21DE6-AB0D-40FD-B420-DBE924AFC97A}.Release|Any CPU.ActiveCfg = Release|Any CPU
		{2AE21DE6-AB0D-40FD-B420-DBE924AFC97A}.Release|Any CPU.Build.0 = Release|Any CPU
		{34AA2382-50A6-45C2-81C2-AA2C0C80A237}.Debug|Any CPU.ActiveCfg = Debug|Any CPU
		{34AA2382-50A6-45C2-81C2-AA2C0C80A237}.Debug|Any CPU.Build.0 = Debug|Any CPU
		{34AA2382-50A6-45C2-81C2-AA2C0C80A237}.Release|Any CPU.ActiveCfg = Release|Any CPU
		{34AA2382-50A6-45C2-81C2-AA2C0C80A237}.Release|Any CPU.Build.0 = Release|Any CPU
		{032799FE-2D42-4DAE-9CC8-2FC93652FAF0}.Debug|Any CPU.ActiveCfg = Debug|Any CPU
		{032799FE-2D42-4DAE-9CC8-2FC93652FAF0}.Debug|Any CPU.Build.0 = Debug|Any CPU
		{032799FE-2D42-4DAE-9CC8-2FC93652FAF0}.Release|Any CPU.ActiveCfg = Release|Any CPU
		{032799FE-2D42-4DAE-9CC8-2FC93652FAF0}.Release|Any CPU.Build.0 = Release|Any CPU
		{897380FB-D8C6-4997-849D-54549FACAA93}.Debug|Any CPU.ActiveCfg = Debug|Any CPU
		{897380FB-D8C6-4997-849D-54549FACAA93}.Debug|Any CPU.Build.0 = Debug|Any CPU
		{897380FB-D8C6-4997-849D-54549FACAA93}.Release|Any CPU.ActiveCfg = Release|Any CPU
		{897380FB-D8C6-4997-849D-54549FACAA93}.Release|Any CPU.Build.0 = Release|Any CPU
		{227DE529-955F-4967-AF02-20F0F061C795}.Debug|Any CPU.ActiveCfg = Debug|Any CPU
		{227DE529-955F-4967-AF02-20F0F061C795}.Debug|Any CPU.Build.0 = Debug|Any CPU
		{227DE529-955F-4967-AF02-20F0F061C795}.Release|Any CPU.ActiveCfg = Release|Any CPU
		{227DE529-955F-4967-AF02-20F0F061C795}.Release|Any CPU.Build.0 = Release|Any CPU
	EndGlobalSection
	GlobalSection(SolutionProperties) = preSolution
		HideSolutionNode = FALSE
	EndGlobalSection
	GlobalSection(NestedProjects) = preSolution
		{0F93F382-8B13-449A-A01B-36601F1F2283} = {6DE4DAF7-1899-419C-B585-257286C5DADF}
		{F2E4F9CF-AA9F-4F7D-81DF-E78FDB6BD7D5} = {6DE4DAF7-1899-419C-B585-257286C5DADF}
		{23496006-65D0-43D2-BEFF-A5B325DD00BD} = {0C9DD8F0-8566-4074-B6E1-B189D7D95DAD}
		{42EEBD1E-E7A3-4B84-B267-F867C42CA699} = {0C9DD8F0-8566-4074-B6E1-B189D7D95DAD}
		{138DECCD-F5C0-440E-8F01-4C0A3203856C} = {0C9DD8F0-8566-4074-B6E1-B189D7D95DAD}
		{6D1D8C1D-739A-452D-B26C-A26D028C03E1} = {0C9DD8F0-8566-4074-B6E1-B189D7D95DAD}
		{5E440C27-7100-475E-AFBB-7ACE03B9BE50} = {6DE4DAF7-1899-419C-B585-257286C5DADF}
		{2F0B922D-9943-4F81-9160-EA271E7A15A4} = {6DE4DAF7-1899-419C-B585-257286C5DADF}
		{2F8FD02B-540A-4CFF-AD6A-58B112B62100} = {00DB96D9-746B-4916-B561-083C4BD0DDEE}
		{4652C41D-7F29-478D-9CCE-CEE25E7754EA} = {CF7C070A-1387-4B40-BDCB-A56DE1E7C411}
		{ED88211F-7FDF-4DEF-8923-7F3A593DD016} = {4652C41D-7F29-478D-9CCE-CEE25E7754EA}
		{7B441810-61CE-4DBD-AB65-A85AD0FAEFC8} = {CF7C070A-1387-4B40-BDCB-A56DE1E7C411}
		{698F3DB3-7D18-44DE-B845-92A9E27FED19} = {7B441810-61CE-4DBD-AB65-A85AD0FAEFC8}
		{2AE21DE6-AB0D-40FD-B420-DBE924AFC97A} = {7B441810-61CE-4DBD-AB65-A85AD0FAEFC8}
		{34AA2382-50A6-45C2-81C2-AA2C0C80A237} = {7B441810-61CE-4DBD-AB65-A85AD0FAEFC8}
		{EB27CFCA-A939-44BA-B470-43201082E5F9} = {CF7C070A-1387-4B40-BDCB-A56DE1E7C411}
		{032799FE-2D42-4DAE-9CC8-2FC93652FAF0} = {EB27CFCA-A939-44BA-B470-43201082E5F9}
		{897380FB-D8C6-4997-849D-54549FACAA93} = {EB27CFCA-A939-44BA-B470-43201082E5F9}
		{227DE529-955F-4967-AF02-20F0F061C795} = {EB27CFCA-A939-44BA-B470-43201082E5F9}
	EndGlobalSection
	GlobalSection(ExtensibilityGlobals) = postSolution
		SolutionGuid = {AF0D60B1-3745-421D-87E4-5052B8F06DD2}
	EndGlobalSection
EndGlobal
